PODS:
  - aws_uploader (0.1.0):
    - AWSCognito
    - AWSCore
    - AWSS3
    - Flutter
  - AWSCognito (2.19.1):
    - AWSCore (= 2.19.1)
  - AWSCore (2.19.1)
  - AWSS3 (2.19.1):
    - AWSCore (= 2.19.1)
  - Flutter (1.0.0)

DEPENDENCIES:
  - aws_uploader (from `.symlinks/plugins/aws_uploader/ios`)
  - Flutter (from `Flutter`)

SPEC REPOS:
  trunk:
    - AWSCognito
    - AWSCore
    - AWSS3

EXTERNAL SOURCES:
  aws_uploader:
    :path: ".symlinks/plugins/aws_uploader/ios"
  Flutter:
    :path: Flutter

SPEC CHECKSUMS:
  aws_uploader: e9348bf3cc8bab7ddafb8880d6b52d0310c67194
  AWSCognito: f50de600804941d083af37a7568905f31a774727
  AWSCore: 55c154ae27efc5c98bdc30a0eeea5a35d10a2ab5
  AWSS3: 2272253b098d07803af8dd20ce6ce7302bcffb47
  Flutter: cabc95a1d2626b1b06e7179b784ebcf0c0cde467

PODFILE CHECKSUM: 3c63482e143d1b91d2d2560aee9fb04ecc74ac7e

COCOAPODS: 1.16.2
